{
  "name": "pomodoro-timer",
  "version": "1.0.0",
  "lockfileVersion": 3,
  "requires": true,
  "packages": {
    "": {
      "name": "pomodoro-timer",
      "version": "1.0.0",
      "devDependencies": {
        "@biomejs/biome": "^2.3.13",
        "@girs/gio-2.0": "2.86.0-4.0.0-beta.38",
        "@girs/gjs": "^4.0.0-beta.38",
        "@girs/glib-2.0": "2.86.0-4.0.0-beta.38",
        "@girs/gtk-4.0": "4.20.1-4.0.0-beta.38",
        "typescript": "^5.7.2"
      }
    },
    "node_modules/@biomejs/biome": {
      "version": "2.3.13",
      "resolved": "https://registry.npmjs.org/@biomejs/biome/-/biome-2.3.13.tgz",
      "integrity": "sha512-Fw7UsV0UAtWIBIm0M7g5CRerpu1eKyKAXIazzxhbXYUyMkwNrkX/KLkGI7b+uVDQ5cLUMfOC9vR60q9IDYDstA==",
      "dev": true,
      "license": "MIT OR Apache-2.0",
      "bin": {
        "biome": "bin/biome"
      },
      "engines": {
        "node": ">=14.21.3"
      },
      "funding": {
        "type": "opencollective",
        "url": "https://opencollective.com/biome"
      },
      "optionalDependencies": {
        "@biomejs/cli-darwin-arm64": "2.3.13",
        "@biomejs/cli-darwin-x64": "2.3.13",
        "@biomejs/cli-linux-arm64": "2.3.13",
        "@biomejs/cli-linux-arm64-musl": "2.3.13",
        "@biomejs/cli-linux-x64": "2.3.13",
        "@biomejs/cli-linux-x64-musl": "2.3.13",
        "@biomejs/cli-win32-arm64": "2.3.13",
        "@biomejs/cli-win32-x64": "2.3.13"
      }
    },
    "node_modules/@biomejs/cli-darwin-arm64": {
      "version": "2.3.13",
      "resolved": "https://registry.npmjs.org/@biomejs/cli-darwin-arm64/-/cli-darwin-arm64-2.3.13.tgz",
      "integrity": "sha512-0OCwP0/BoKzyJHnFdaTk/i7hIP9JHH9oJJq6hrSCPmJPo8JWcJhprK4gQlhFzrwdTBAW4Bjt/RmCf3ZZe59gwQ==",
      "cpu": [
        "arm64"
      ],
      "dev": true,
      "license": "MIT OR Apache-2.0",
      "optional": true,
      "os": [
        "darwin"
      ],
      "engines": {
        "node": ">=14.21.3"
      }
    },
    "node_modules/@biomejs/cli-darwin-x64": {
      "version": "2.3.13",
      "resolved": "https://registry.npmjs.org/@biomejs/cli-darwin-x64/-/cli-darwin-x64-2.3.13.tgz",
      "integrity": "sha512-AGr8OoemT/ejynbIu56qeil2+F2WLkIjn2d8jGK1JkchxnMUhYOfnqc9sVzcRxpG9Ycvw4weQ5sprRvtb7Yhcw==",
      "cpu": [
        "x64"
      ],
      "dev": true,
      "license": "MIT OR Apache-2.0",
      "optional": true,
      "os": [
        "darwin"
      ],
      "engines": {
        "node": ">=14.21.3"
      }
    },
    "node_modules/@biomejs/cli-linux-arm64": {
      "version": "2.3.13",
      "resolved": "https://registry.npmjs.org/@biomejs/cli-linux-arm64/-/cli-linux-arm64-2.3.13.tgz",
      "integrity": "sha512-xvOiFkrDNu607MPMBUQ6huHmBG1PZLOrqhtK6pXJW3GjfVqJg0Z/qpTdhXfcqWdSZHcT+Nct2fOgewZvytESkw==",
      "cpu": [
        "arm64"
      ],
      "dev": true,
      "license": "MIT OR Apache-2.0",
      "optional": true,
      "os": [
        "linux"
      ],
      "engines": {
        "node": ">=14.21.3"
      }
    },
    "node_modules/@biomejs/cli-linux-arm64-musl": {
      "version": "2.3.13",
      "resolved": "https://registry.npmjs.org/@biomejs/cli-linux-arm64-musl/-/cli-linux-arm64-musl-2.3.13.tgz",
      "integrity": "sha512-TUdDCSY+Eo/EHjhJz7P2GnWwfqet+lFxBZzGHldrvULr59AgahamLs/N85SC4+bdF86EhqDuuw9rYLvLFWWlXA==",
      "cpu": [
        "arm64"
      ],
      "dev": true,
      "license": "MIT OR Apache-2.0",
      "optional": true,
      "os": [
        "linux"
      ],
      "engines": {
        "node": ">=14.21.3"
      }
    },
    "node_modules/@biomejs/cli-linux-x64": {
      "version": "2.3.13",
      "resolved": "https://registry.npmjs.org/@biomejs/cli-linux-x64/-/cli-linux-x64-2.3.13.tgz",
      "integrity": "sha512-s+YsZlgiXNq8XkgHs6xdvKDFOj/bwTEevqEY6rC2I3cBHbxXYU1LOZstH3Ffw9hE5tE1sqT7U23C00MzkXztMw==",
      "cpu": [
        "x64"
      ],
      "dev": true,
      "license": "MIT OR Apache-2.0",
      "optional": true,
      "os": [
        "linux"
      ],
      "engines": {
        "node": ">=14.21.3"
      }
    },
    "node_modules/@biomejs/cli-linux-x64-musl": {
      "version": "2.3.13",
      "resolved": "https://registry.npmjs.org/@biomejs/cli-linux-x64-musl/-/cli-linux-x64-musl-2.3.13.tgz",
      "integrity": "sha512-0bdwFVSbbM//Sds6OjtnmQGp4eUjOTt6kHvR/1P0ieR9GcTUAlPNvPC3DiavTqq302W34Ae2T6u5VVNGuQtGlQ==",
      "cpu": [
        "x64"
      ],
      "dev": true,
      "license": "MIT OR Apache-2.0",
      "optional": true,
      "os": [
        "linux"
      ],
      "engines": {
        "node": ">=14.21.3"
      }
    },
    "node_modules/@biomejs/cli-win32-arm64": {
      "version": "2.3.13",
      "resolved": "https://registry.npmjs.org/@biomejs/cli-win32-arm64/-/cli-win32-arm64-2.3.13.tgz",
      "integrity": "sha512-QweDxY89fq0VvrxME+wS/BXKmqMrOTZlN9SqQ79kQSIc3FrEwvW/PvUegQF6XIVaekncDykB5dzPqjbwSKs9DA==",
      "cpu": [
        "arm64"
      ],
      "dev": true,
      "license": "MIT OR Apache-2.0",
      "optional": true,
      "os": [
        "win32"
      ],
      "engines": {
        "node": ">=14.21.3"
      }
    },
    "node_modules/@biomejs/cli-win32-x64": {
      "version": "2.3.13",
      "resolved": "https://registry.npmjs.org/@biomejs/cli-win32-x64/-/cli-win32-x64-2.3.13.tgz",
      "integrity": "sha512-trDw2ogdM2lyav9WFQsdsfdVy1dvZALymRpgmWsvSez0BJzBjulhOT/t+wyKeh3pZWvwP3VMs1SoOKwO3wecMQ==",
      "cpu": [
        "x64"
      ],
      "dev": true,
      "license": "MIT OR Apache-2.0",
      "optional": true,
      "os": [
        "win32"
      ],
      "engines": {
        "node": ">=14.21.3"
      }
    },
    "node_modules/@girs/cairo-1.0": {
      "version": "1.0.0-4.0.0-beta.38",
      "resolved": "https://registry.npmjs.org/@girs/cairo-1.0/-/cairo-1.0-1.0.0-4.0.0-beta.38.tgz",
      "integrity": "sha512-VJa0vw9teZjCydDzWIcbNBwT37MSej52rqwBuQ/ir7+72+7dpzeudkNOOif1nDIulGu+RLAy4cgWbguQhsUH/Q==",
      "dev": true,
      "license": "MIT",
      "dependencies": {
        "@girs/gjs": "4.0.0-beta.38",
        "@girs/glib-2.0": "2.86.0-4.0.0-beta.38",
        "@girs/gobject-2.0": "2.86.0-4.0.0-beta.38"
      }
    },
    "node_modules/@girs/freetype2-2.0": {
      "version": "2.0.0-4.0.0-beta.38",
      "resolved": "https://registry.npmjs.org/@girs/freetype2-2.0/-/freetype2-2.0-2.0.0-4.0.0-beta.38.tgz",
      "integrity": "sha512-543dlQheKHSVWIatqHNBiLceIWYzIJDXvofR3PfgarKMMi0IRkn1TndzxUxsLC4Eu24KgOKGZYjU1YPUMVGbgg==",
      "dev": true,
      "license": "MIT",
      "dependencies": {
        "@girs/gjs": "4.0.0-beta.38",
        "@girs/gobject-2.0": "2.86.0-4.0.0-beta.38"
      }
    },
    "node_modules/@girs/gdk-4.0": {
      "version": "4.0.0-4.0.0-beta.38",
      "resolved": "https://registry.npmjs.org/@girs/gdk-4.0/-/gdk-4.0-4.0.0-4.0.0-beta.38.tgz",
      "integrity": "sha512-hk6SG4pCcezKp2VNxJc0TC1gkZe3C8shD8sRQ3bUGyWl/9581WM2/8UU+W6fOf3SwXA1hquN6d3SjKbqkFNRKg==",
      "dev": true,
      "license": "MIT",
      "dependencies": {
        "@girs/cairo-1.0": "1.0.0-4.0.0-beta.38",
        "@girs/freetype2-2.0": "2.0.0-4.0.0-beta.38",
        "@girs/gdkpixbuf-2.0": "2.0.0-4.0.0-beta.38",
        "@girs/gio-2.0": "2.86.0-4.0.0-beta.38",
        "@girs/gjs": "4.0.0-beta.38",
        "@girs/glib-2.0": "2.86.0-4.0.0-beta.38",
        "@girs/gmodule-2.0": "2.0.0-4.0.0-beta.38",
        "@girs/gobject-2.0": "2.86.0-4.0.0-beta.38",
        "@girs/harfbuzz-0.0": "11.5.0-4.0.0-beta.38",
        "@girs/pango-1.0": "1.57.0-4.0.0-beta.38",
        "@girs/pangocairo-1.0": "1.0.0-4.0.0-beta.38"
      }
    },
    "node_modules/@girs/gdkpixbuf-2.0": {
      "version": "2.0.0-4.0.0-beta.38",
      "resolved": "https://registry.npmjs.org/@girs/gdkpixbuf-2.0/-/gdkpixbuf-2.0-2.0.0-4.0.0-beta.38.tgz",
      "integrity": "sha512-L8NE18rhj100lRGMnf7lNUdr6pHw2co1UtExxDnglba5lNee4NoyF/u8g4Mk3toPU0fAu+ug91HJ4o2mIJd7MQ==",
      "dev": true,
      "license": "MIT",
      "dependencies": {
        "@girs/gio-2.0": "2.86.0-4.0.0-beta.38",
        "@girs/gjs": "4.0.0-beta.38",
        "@girs/glib-2.0": "2.86.0-4.0.0-beta.38",
        "@girs/gmodule-2.0": "2.0.0-4.0.0-beta.38",
        "@girs/gobject-2.0": "2.86.0-4.0.0-beta.38"
      }
    },
    "node_modules/@girs/gio-2.0": {
      "version": "2.86.0-4.0.0-beta.38",
      "resolved": "https://registry.npmjs.org/@girs/gio-2.0/-/gio-2.0-2.86.0-4.0.0-beta.38.tgz",
      "integrity": "sha512-hKCyDEqSIgqcZeFf63KNrUnrYtAuJ0yfIypbdLgNEMbJBPQ/e3ZiwzWa7i3OPCh52Cnl9qYRdj8MSbZndpyZiQ==",
      "dev": true,
      "license": "MIT",
      "dependencies": {
        "@girs/gjs": "4.0.0-beta.38",
        "@girs/glib-2.0": "2.86.0-4.0.0-beta.38",
        "@girs/gmodule-2.0": "2.0.0-4.0.0-beta.38",
        "@girs/gobject-2.0": "2.86.0-4.0.0-beta.38"
      }
    },
    "node_modules/@girs/gjs": {
      "version": "4.0.0-beta.38",
      "resolved": "https://registry.npmjs.org/@girs/gjs/-/gjs-4.0.0-beta.38.tgz",
      "integrity": "sha512-eI/9lfI1mQpXN8RsKiNRFWJso6LgQe9Eb+YxLAdKarD5fccvIRx3chsyIyhw5tYH7VvgaZkqm1c4GX7pDDokBQ==",
      "dev": true,
      "license": "MIT",
      "dependencies": {
        "@girs/cairo-1.0": "1.0.0-4.0.0-beta.38",
        "@girs/gio-2.0": "2.86.0-4.0.0-beta.38",
        "@girs/glib-2.0": "2.86.0-4.0.0-beta.38",
        "@girs/gobject-2.0": "2.86.0-4.0.0-beta.38"
      }
    },
    "node_modules/@girs/glib-2.0": {
      "version": "2.86.0-4.0.0-beta.38",
      "resolved": "https://registry.npmjs.org/@girs/glib-2.0/-/glib-2.0-2.86.0-4.0.0-beta.38.tgz",
      "integrity": "sha512-TFbrh5+Y3pb61synbhi37VrRzh0e+JQaRCzfGbe7oewUq0v7Sb8eSi2Fmj98r5tCizaRYptqgt6bxG7G5cFzVg==",
      "dev": true,
      "license": "MIT",
      "dependencies": {
        "@girs/gjs": "4.0.0-beta.38",
        "@girs/gobject-2.0": "2.86.0-4.0.0-beta.38"
      }
    },
    "node_modules/@girs/gmodule-2.0": {
      "version": "2.0.0-4.0.0-beta.38",
      "resolved": "https://registry.npmjs.org/@girs/gmodule-2.0/-/gmodule-2.0-2.0.0-4.0.0-beta.38.tgz",
      "integrity": "sha512-BmspJtwdBSfCJRZQMxn3gx6H9FNcoqCebFXK2UKknq18DIo8U2q4iN/jQBWPoLh2siK9LhCdL2egoyXteTy1NA==",
      "dev": true,
      "license": "MIT",
      "dependencies": {
        "@girs/gjs": "4.0.0-beta.38",
        "@girs/glib-2.0": "2.86.0-4.0.0-beta.38",
        "@girs/gobject-2.0": "2.86.0-4.0.0-beta.38"
      }
    },
    "node_modules/@girs/gobject-2.0": {
      "version": "2.86.0-4.0.0-beta.38",
      "resolved": "https://registry.npmjs.org/@girs/gobject-2.0/-/gobject-2.0-2.86.0-4.0.0-beta.38.tgz",
      "integrity": "sha512-oYrm6Gb/tCQosMkN8Beu5jqGRkJ7LED4O1H1dKYOI4SnP1Ojb66A9ECy78yTO8piBtMopsbRODV81yKniVtKKA==",
      "dev": true,
      "license": "MIT",
      "dependencies": {
        "@girs/gjs": "4.0.0-beta.38",
        "@girs/glib-2.0": "2.86.0-4.0.0-beta.38"
      }
    },
    "node_modules/@girs/graphene-1.0": {
      "version": "1.0.0-4.0.0-beta.38",
      "resolved": "https://registry.npmjs.org/@girs/graphene-1.0/-/graphene-1.0-1.0.0-4.0.0-beta.38.tgz",
      "integrity": "sha512-zqCyLXFqsOJtCnwUR6lI6HBVdaJ6aKsA25y+6xK2dFO/NChOjH0hmBuVyTQiyLe+4jGW700o+uYIYlrpEXT/7Q==",
      "dev": true,
      "license": "MIT",
      "dependencies": {
        "@girs/gjs": "4.0.0-beta.38",
        "@girs/glib-2.0": "2.86.0-4.0.0-beta.38",
        "@girs/gobject-2.0": "2.86.0-4.0.0-beta.38"
      }
    },
    "node_modules/@girs/gsk-4.0": {
      "version": "4.0.0-4.0.0-beta.38",
      "resolved": "https://registry.npmjs.org/@girs/gsk-4.0/-/gsk-4.0-4.0.0-4.0.0-beta.38.tgz",
      "integrity": "sha512-BfYpVfmKjD7Tq58W5p9fcU6Mvg3QcNRjJ1oQn05d/Xk1rjQmsk6tkcTkK3i/KIOhA9eVadQsMlFFWuN0KBE5Dw==",
      "dev": true,
      "license": "MIT",
      "dependencies": {
        "@girs/cairo-1.0": "1.0.0-4.0.0-beta.38",
        "@girs/freetype2-2.0": "2.0.0-4.0.0-beta.38",
        "@girs/gdk-4.0": "4.0.0-4.0.0-beta.38",
        "@girs/gdkpixbuf-2.0": "2.0.0-4.0.0-beta.38",
        "@girs/gio-2.0": "2.86.0-4.0.0-beta.38",
        "@girs/gjs": "4.0.0-beta.38",
        "@girs/glib-2.0": "2.86.0-4.0.0-beta.38",
        "@girs/gmodule-2.0": "2.0.0-4.0.0-beta.38",
        "@girs/gobject-2.0": "2.86.0-4.0.0-beta.38",
        "@girs/graphene-1.0": "1.0.0-4.0.0-beta.38",
        "@girs/harfbuzz-0.0": "11.5.0-4.0.0-beta.38",
        "@girs/pango-1.0": "1.57.0-4.0.0-beta.38",
        "@girs/pangocairo-1.0": "1.0.0-4.0.0-beta.38"
      }
    },
    "node_modules/@girs/gtk-4.0": {
      "version": "4.20.1-4.0.0-beta.38",
      "resolved": "https://registry.npmjs.org/@girs/gtk-4.0/-/gtk-4.0-4.20.1-4.0.0-beta.38.tgz",
      "integrity": "sha512-lNujJDta1YK3/9Inp5HrtF/JOMN5EmD+3U7diRTyWNzc2KdaN2jO2mk90taaGK28xhoCC+VESkFkQAgFTwZXWw==",
      "dev": true,
      "license": "MIT",
      "dependencies": {
        "@girs/cairo-1.0": "1.0.0-4.0.0-beta.38",
        "@girs/freetype2-2.0": "2.0.0-4.0.0-beta.38",
        "@girs/gdk-4.0": "4.0.0-4.0.0-beta.38",
        "@girs/gdkpixbuf-2.0": "2.0.0-4.0.0-beta.38",
        "@girs/gio-2.0": "2.86.0-4.0.0-beta.38",
        "@girs/gjs": "4.0.0-beta.38",
        "@girs/glib-2.0": "2.86.0-4.0.0-beta.38",
        "@girs/gmodule-2.0": "2.0.0-4.0.0-beta.38",
        "@girs/gobject-2.0": "2.86.0-4.0.0-beta.38",
        "@girs/graphene-1.0": "1.0.0-4.0.0-beta.38",
        "@girs/gsk-4.0": "4.0.0-4.0.0-beta.38",
        "@girs/harfbuzz-0.0": "11.5.0-4.0.0-beta.38",
        "@girs/pango-1.0": "1.57.0-4.0.0-beta.38",
        "@girs/pangocairo-1.0": "1.0.0-4.0.0-beta.38"
      }
    },
    "node_modules/@girs/harfbuzz-0.0": {
      "version": "11.5.0-4.0.0-beta.38",
      "resolved": "https://registry.npmjs.org/@girs/harfbuzz-0.0/-/harfbuzz-0.0-11.5.0-4.0.0-beta.38.tgz",
      "integrity": "sha512-XRf/neZYpEkinNZ8SCRKIao3RNVJzMeYcjuO1b1tbqVCrN7uVZ+MIaDW5NjWKi0K6IQSyZWdDgkzrtOrIN4CWQ==",
      "dev": true,
      "license": "MIT",
      "dependencies": {
        "@girs/freetype2-2.0": "2.0.0-4.0.0-beta.38",
        "@girs/gjs": "4.0.0-beta.38",
        "@girs/glib-2.0": "2.86.0-4.0.0-beta.38",
        "@girs/gobject-2.0": "2.86.0-4.0.0-beta.38"
      }
    },
    "node_modules/@girs/pango-1.0": {
      "version": "1.57.0-4.0.0-beta.38",
      "resolved": "https://registry.npmjs.org/@girs/pango-1.0/-/pango-1.0-1.57.0-4.0.0-beta.38.tgz",
      "integrity": "sha512-fnTzVVhKb4XjGrnuqk9X++KDe2bk84Hg5472O2UrtIT1A6dzMS6gWhSvaw0ULZH/Ypj9WN12B0oceWynR6unLw==",
      "dev": true,
      "license": "MIT",
      "dependencies": {
        "@girs/cairo-1.0": "1.0.0-4.0.0-beta.38",
        "@girs/freetype2-2.0": "2.0.0-4.0.0-beta.38",
        "@girs/gio-2.0": "2.86.0-4.0.0-beta.38",
        "@girs/gjs": "4.0.0-beta.38",
        "@girs/glib-2.0": "2.86.0-4.0.0-beta.38",
        "@girs/gmodule-2.0": "2.0.0-4.0.0-beta.38",
        "@girs/gobject-2.0": "2.86.0-4.0.0-beta.38",
        "@girs/harfbuzz-0.0": "11.5.0-4.0.0-beta.38"
      }
    },
    "node_modules/@girs/pangocairo-1.0": {
      "version": "1.0.0-4.0.0-beta.38",
      "resolved": "https://registry.npmjs.org/@girs/pangocairo-1.0/-/pangocairo-1.0-1.0.0-4.0.0-beta.38.tgz",
      "integrity": "sha512-BY4rEgQW0H1c/24v+FGBjSZgZ6rk2Y4+ka9/WldUs74N1ZOh6nS4lHKUyy0antylQ7x0Fnw5UHgN0PbpdjkGuQ==",
      "dev": true,
      "license": "MIT",
      "dependencies": {
        "@girs/cairo-1.0": "1.0.0-4.0.0-beta.38",
        "@girs/freetype2-2.0": "2.0.0-4.0.0-beta.38",
        "@girs/gio-2.0": "2.86.0-4.0.0-beta.38",
        "@girs/gjs": "4.0.0-beta.38",
        "@girs/glib-2.0": "2.86.0-4.0.0-beta.38",
        "@girs/gmodule-2.0": "2.0.0-4.0.0-beta.38",
        "@girs/gobject-2.0": "2.86.0-4.0.0-beta.38",
        "@girs/harfbuzz-0.0": "11.5.0-4.0.0-beta.38",
        "@girs/pango-1.0": "1.57.0-4.0.0-beta.38"
      }
    },
    "node_modules/typescript": {
      "version": "5.9.3",
      "resolved": "https://registry.npmjs.org/typescript/-/typescript-5.9.3.tgz",
      "integrity": "sha512-jl1vZzPDinLr9eUt3J/t7V6FgNEw9QjvBPdysz9KfQDD41fQrC2Y4vKQdiaUpFT4bXlb1RHhLpp8wtm6M5TgSw==",
      "dev": true,
      "license": "Apache-2.0",
      "bin": {
        "tsc": "bin/tsc",
        "tsserver": "bin/tsserver"
      },
      "engines": {
        "node": ">=14.17"
      }
    }
  }
}
